
Microsoft Visual Studio Solution File, Format Version 12.00
# Visual Studio Version 16
VisualStudioVersion = 16.0.30320.27
MinimumVisualStudioVersion = 10.0.40219.1
Project("{FAE04EC0-301F-11D3-BF4B-00C04F79EFBC}") = "Chat", "Chat\Chat.csproj", "{B2D9E46C-F10B-486A-B958-02A6E54BAC60}"
EndProject
Project("{FAE04EC0-301F-11D3-BF4B-00C04F79EFBC}") = "Host", "Host\Host.csproj", "{8A50B886-981F-43ED-A8EF-E5D7E343D9DC}"
EndProject
Global
	GlobalSection(SolutionConfigurationPlatforms) = preSolution
		Debug|Any CPU = Debug|Any CPU
		Release|Any CPU = Release|Any CPU
	EndGlobalSection
	GlobalSection(ProjectConfigurationPlatforms) = postSolution
		{B2D9E46C-F10B-486A-B958-02A6E54BAC60}.Debug|Any CPU.ActiveCfg = Debug|Any CPU
		{B2D9E46C-F10B-486A-B958-02A6E54BAC60}.Debug|Any CPU.Build.0 = Debug|Any CPU
		{B2D9E46C-F10B-486A-B958-02A6E54BAC60}.Release|Any CPU.ActiveCfg = Release|Any CPU
		{B2D9E46C-F10B-486A-B958-02A6E54BAC60}.Release|Any CPU.Build.0 = Release|Any CPU
		{8A50B886-981F-43ED-A8EF-E5D7E343D9DC}.Debug|Any CPU.ActiveCfg = Debug|Any CPU
		{8A50B886-981F-43ED-A8EF-E5D7E343D9DC}.Debug|Any CPU.Build.0 = Debug|Any CPU
		{8A50B886-981F-43ED-A8EF-E5D7E343D9DC}.Release|Any CPU.ActiveCfg = Release|Any CPU
		{8A50B886-981F-43ED-A8EF-E5D7E343D9DC}.Release|Any CPU.Build.0 = Release|Any CPU
	EndGlobalSection
	GlobalSection(SolutionProperties) = preSolution
		HideSolutionNode = FALSE
	EndGlobalSection
	GlobalSection(ExtensibilityGlobals) = postSolution
		SolutionGuid = {87D827ED-5811-4461-A779-CADFF1F0460B}
	EndGlobalSection
EndGlobal
